
Microsoft Visual Studio Solution File, Format Version 12.00
# Visual Studio Version 17
VisualStudioVersion = 17.14.36804.6 d17.14
MinimumVisualStudioVersion = 10.0.40219.1
Project("{FAE04EC0-301F-11D3-BF4B-00C04F79EFBC}") = "WillHabb", "WillHabb\WillHabb.csproj", "{56C0A4A2-3084-4182-9130-D2E2C34E24FD}"
EndProject
Global
	GlobalSection(SolutionConfigurationPlatforms) = preSolution
		Debug|Any CPU = Debug|Any CPU
		Release|Any CPU = Release|Any CPU
	EndGlobalSection
	GlobalSection(ProjectConfigurationPlatforms) = postSolution
		{56C0A4A2-3084-4182-9130-D2E2C34E24FD}.Debug|Any CPU.ActiveCfg = Debug|Any CPU
		{56C0A4A2-3084-4182-9130-D2E2C34E24FD}.Debug|Any CPU.Build.0 = Debug|Any CPU
		{56C0A4A2-3084-4182-9130-D2E2C34E24FD}.Release|Any CPU.ActiveCfg = Release|Any CPU
		{56C0A4A2-3084-4182-9130-D2E2C34E24FD}.Release|Any CPU.Build.0 = Release|Any CPU
	EndGlobalSection
	GlobalSection(SolutionProperties) = preSolution
		HideSolutionNode = FALSE
	EndGlobalSection
	GlobalSection(ExtensibilityGlobals) = postSolution
		SolutionGuid = {EAC90103-FAB5-4505-AE87-6E15923BA387}
	EndGlobalSection
EndGlobal
